{
  "name": "doormen",
  "version": "0.15.7",
  "lockfileVersion": 2,
  "requires": true,
  "packages": {
    "": {
      "name": "doormen",
      "version": "0.15.7",
      "license": "MIT",
      "dependencies": {
        "string-kit": "^0.19.2",
        "tree-kit": "^0.8.7"
      },
      "engines": {
        "node": ">=16.13.0"
      }
    },
    "node_modules/string-kit": {
      "version": "0.19.2",
      "resolved": "https://registry.npmjs.org/string-kit/-/string-kit-0.19.2.tgz",
      "integrity": "sha512-o5rhsZy4WS76+uMc4fkcQYM7dcdxe8wKCoLeLqCcGZxbUmtawkBE8G0JS6ooBnBOy+j1MpZ1IgWIuojIr71vPw==",
      "engines": {
        "node": ">=14.15.0"
      }
    },
    "node_modules/tree-kit": {
      "version": "0.8.7",
      "resolved": "https://registry.npmjs.org/tree-kit/-/tree-kit-0.8.7.tgz",
      "integrity": "sha512-BA/cp8KBvbBDkunxIuoBqzz3pYHL7J8QdzbKohK09urOpHFYqEe/xWGKkECEQG+LvfREd1GNqH3643GYFX8wSQ==",
      "engines": {
        "node": ">=16.13.0"
      }
    }
  },
  "dependencies": {
    "string-kit": {
      "version": "0.19.2",
      "resolved": "https://registry.npmjs.org/string-kit/-/string-kit-0.19.2.tgz",
      "integrity": "sha512-o5rhsZy4WS76+uMc4fkcQYM7dcdxe8wKCoLeLqCcGZxbUmtawkBE8G0JS6ooBnBOy+j1MpZ1IgWIuojIr71vPw=="
    },
    "tree-kit": {
      "version": "0.8.7",
      "resolved": "https://registry.npmjs.org/tree-kit/-/tree-kit-0.8.7.tgz",
      "integrity": "sha512-BA/cp8KBvbBDkunxIuoBqzz3pYHL7J8QdzbKohK09urOpHFYqEe/xWGKkECEQG+LvfREd1GNqH3643GYFX8wSQ=="
    }
  }
}
