{
  "name": "doormen",
  "version": "0.15.3",
  "lockfileVersion": 2,
  "requires": true,
  "packages": {
    "": {
      "name": "doormen",
      "version": "0.15.3",
      "license": "MIT",
      "dependencies": {
        "string-kit": "^0.17.10",
        "tree-kit": "^0.8.1"
      },
      "engines": {
        "node": ">=16.13.0"
      }
    },
    "node_modules/string-kit": {
      "version": "0.17.10",
      "resolved": "https://registry.npmjs.org/string-kit/-/string-kit-0.17.10.tgz",
      "integrity": "sha512-n3/2BeEJrlzztoxeBTt9DVh0dfHordBuZoFsSJs59tk1JoPVvtvNsvAgqu0Nlpj5Y/qoQbnT8jCnfuoHcsfGnw==",
      "engines": {
        "node": ">=14.15.0"
      }
    },
    "node_modules/tree-kit": {
      "version": "0.8.1",
      "resolved": "https://registry.npmjs.org/tree-kit/-/tree-kit-0.8.1.tgz",
      "integrity": "sha512-z29rTLxHce770M/3PzKkBqiIANg+YQwdtdcuYHP9qcgI1ZSaL9LBStWpxY1F/3BmFMqm+1OYdkIdbD45tUgO3Q==",
      "engines": {
        "node": ">=16.13.0"
      }
    }
  },
  "dependencies": {
    "string-kit": {
      "version": "0.17.10",
      "resolved": "https://registry.npmjs.org/string-kit/-/string-kit-0.17.10.tgz",
      "integrity": "sha512-n3/2BeEJrlzztoxeBTt9DVh0dfHordBuZoFsSJs59tk1JoPVvtvNsvAgqu0Nlpj5Y/qoQbnT8jCnfuoHcsfGnw=="
    },
    "tree-kit": {
      "version": "0.8.1",
      "resolved": "https://registry.npmjs.org/tree-kit/-/tree-kit-0.8.1.tgz",
      "integrity": "sha512-z29rTLxHce770M/3PzKkBqiIANg+YQwdtdcuYHP9qcgI1ZSaL9LBStWpxY1F/3BmFMqm+1OYdkIdbD45tUgO3Q=="
    }
  }
}
