{
  "name": "doormen",
  "version": "0.15.5",
  "lockfileVersion": 2,
  "requires": true,
  "packages": {
    "": {
      "name": "doormen",
      "version": "0.15.5",
      "license": "MIT",
      "dependencies": {
        "string-kit": "^0.18.1",
        "tree-kit": "^0.8.7"
      },
      "engines": {
        "node": ">=16.13.0"
      }
    },
    "node_modules/string-kit": {
      "version": "0.18.1",
      "resolved": "https://registry.npmjs.org/string-kit/-/string-kit-0.18.1.tgz",
      "integrity": "sha512-wXdoLkPLVNi7Mn0PtvHGTsbNQgvA2WoVekAcr/BGZg5Doid5O5upkSka3O9GzvdMKUWewfD3fanTAeuYVM8FSQ==",
      "engines": {
        "node": ">=14.15.0"
      }
    },
    "node_modules/tree-kit": {
      "version": "0.8.7",
      "resolved": "https://registry.npmjs.org/tree-kit/-/tree-kit-0.8.7.tgz",
      "integrity": "sha512-BA/cp8KBvbBDkunxIuoBqzz3pYHL7J8QdzbKohK09urOpHFYqEe/xWGKkECEQG+LvfREd1GNqH3643GYFX8wSQ==",
      "engines": {
        "node": ">=16.13.0"
      }
    }
  },
  "dependencies": {
    "string-kit": {
      "version": "0.18.1",
      "resolved": "https://registry.npmjs.org/string-kit/-/string-kit-0.18.1.tgz",
      "integrity": "sha512-wXdoLkPLVNi7Mn0PtvHGTsbNQgvA2WoVekAcr/BGZg5Doid5O5upkSka3O9GzvdMKUWewfD3fanTAeuYVM8FSQ=="
    },
    "tree-kit": {
      "version": "0.8.7",
      "resolved": "https://registry.npmjs.org/tree-kit/-/tree-kit-0.8.7.tgz",
      "integrity": "sha512-BA/cp8KBvbBDkunxIuoBqzz3pYHL7J8QdzbKohK09urOpHFYqEe/xWGKkECEQG+LvfREd1GNqH3643GYFX8wSQ=="
    }
  }
}
